// !$*UTF8*$!
{
	archiveVersion = 1;
	classes = {
	};
	objectVersion = 46;
	objects = {

/* Begin PBXBuildFile section */
		540062D41DDC6588000ADC21 /* HNKCache.m in Sources */ = {isa = PBXBuildFile; fileRef = 540062C51DDC6588000ADC21 /* HNKCache.m */; };
		540062D51DDC6588000ADC21 /* HNKDiskCache.m in Sources */ = {isa = PBXBuildFile; fileRef = 540062C71DDC6588000ADC21 /* HNKDiskCache.m */; };
		540062D61DDC6588000ADC21 /* HNKDiskFetcher.m in Sources */ = {isa = PBXBuildFile; fileRef = 540062C91DDC6588000ADC21 /* HNKDiskFetcher.m */; };
		540062D71DDC6588000ADC21 /* HNKNetworkFetcher.m in Sources */ = {isa = PBXBuildFile; fileRef = 540062CB1DDC6588000ADC21 /* HNKNetworkFetcher.m */; };
		540062D81DDC6588000ADC21 /* HNKSimpleFetcher.m in Sources */ = {isa = PBXBuildFile; fileRef = 540062CD1DDC6588000ADC21 /* HNKSimpleFetcher.m */; };
		540062D91DDC6588000ADC21 /* UIButton+Haneke.m in Sources */ = {isa = PBXBuildFile; fileRef = 540062CF1DDC6588000ADC21 /* UIButton+Haneke.m */; };
		540062DA1DDC6588000ADC21 /* UIImageView+Haneke.m in Sources */ = {isa = PBXBuildFile; fileRef = 540062D11DDC6588000ADC21 /* UIImageView+Haneke.m */; };
		540062DB1DDC6588000ADC21 /* UIView+Haneke.m in Sources */ = {isa = PBXBuildFile; fileRef = 540062D31DDC6588000ADC21 /* UIView+Haneke.m */; };
		543CEABD1DD612FC00F8A8D2 /* Corbel Bold.ttf in Resources */ = {isa = PBXBuildFile; fileRef = 543CEABB1DD612FC00F8A8D2 /* Corbel Bold.ttf */; };
		543CEABE1DD612FC00F8A8D2 /* Corbel.ttf in Resources */ = {isa = PBXBuildFile; fileRef = 543CEABC1DD612FC00F8A8D2 /* Corbel.ttf */; };
		543CEAC71DD6295400F8A8D2 /* RLUserListTableViewCell.m in Sources */ = {isa = PBXBuildFile; fileRef = 543CEAC41DD6295400F8A8D2 /* RLUserListTableViewCell.m */; };
		543CEAC81DD6295400F8A8D2 /* RLViewerTableViewCell.m in Sources */ = {isa = PBXBuildFile; fileRef = 543CEAC61DD6295400F8A8D2 /* RLViewerTableViewCell.m */; };
		54468EA31DF153130083E49E /* StoreKit.framework in Frameworks */ = {isa = PBXBuildFile; fileRef = 54468EA21DF153130083E49E /* StoreKit.framework */; };
		5490EABA1DD229EE007D1BFC /* RLHomeViewController.m in Sources */ = {isa = PBXBuildFile; fileRef = 5490EAB71DD229EE007D1BFC /* RLHomeViewController.m */; };
		5490EABB1DD229EE007D1BFC /* RLLoginViewController.m in Sources */ = {isa = PBXBuildFile; fileRef = 5490EAB91DD229EE007D1BFC /* RLLoginViewController.m */; };
		5490EABE1DD229FE007D1BFC /* AppDelegate.m in Sources */ = {isa = PBXBuildFile; fileRef = 5490EABD1DD229FE007D1BFC /* AppDelegate.m */; };
		54A12A461DE0B8A2002ADDD5 /* RLSaveItemsViewController.m in Sources */ = {isa = PBXBuildFile; fileRef = 54A12A451DE0B8A2002ADDD5 /* RLSaveItemsViewController.m */; };
		54A12A491DE0B8FC002ADDD5 /* RLSaveIteTableViewCell.m in Sources */ = {isa = PBXBuildFile; fileRef = 54A12A481DE0B8FC002ADDD5 /* RLSaveIteTableViewCell.m */; };
		54B1B2C11DD6B2F80093FA2B /* RLInfoViewController.m in Sources */ = {isa = PBXBuildFile; fileRef = 54B1B2C01DD6B2F80093FA2B /* RLInfoViewController.m */; };
		54B1B2C61DD6D2D10093FA2B /* RLInAppItemsViewController.m in Sources */ = {isa = PBXBuildFile; fileRef = 54B1B2C51DD6D2D10093FA2B /* RLInAppItemsViewController.m */; };
		54B1B2C91DD6D7AE0093FA2B /* RLInAppItemTableViewCell.m in Sources */ = {isa = PBXBuildFile; fileRef = 54B1B2C81DD6D7AE0093FA2B /* RLInAppItemTableViewCell.m */; };
		54B5DEFF1DD778B2007207B1 /* RLCreateListUserViewController.m in Sources */ = {isa = PBXBuildFile; fileRef = 54B5DEFD1DD778B2007207B1 /* RLCreateListUserViewController.m */; };
		54B7B24B1DDC31D60073A669 /* RLInstagramMedia.m in Sources */ = {isa = PBXBuildFile; fileRef = 54B7B24A1DDC31D60073A669 /* RLInstagramMedia.m */; };
		54C9113E1DDB1D0F003625F2 /* RLUser.m in Sources */ = {isa = PBXBuildFile; fileRef = 54C9113D1DDB1D0F003625F2 /* RLUser.m */; };
		55DDF85ED46C187A2FC067A3 /* Pods_RoundLikerTests.framework in Frameworks */ = {isa = PBXBuildFile; fileRef = AD2663BD7E8D0D800A283AD1 /* Pods_RoundLikerTests.framework */; };
		73817FE364BBE3F97D6B3DDE /* Pods_RoundLiker.framework in Frameworks */ = {isa = PBXBuildFile; fileRef = 961DE76B31877E4AA58D706D /* Pods_RoundLiker.framework */; };
		CEEC8D7F1A14D406007E973B /* main.m in Sources */ = {isa = PBXBuildFile; fileRef = CEEC8D7E1A14D406007E973B /* main.m */; };
		CEEC8D881A14D406007E973B /* Main.storyboard in Resources */ = {isa = PBXBuildFile; fileRef = CEEC8D861A14D406007E973B /* Main.storyboard */; };
		CEEC8D8A1A14D406007E973B /* Images.xcassets in Resources */ = {isa = PBXBuildFile; fileRef = CEEC8D891A14D406007E973B /* Images.xcassets */; };
		CEEC8D8D1A14D406007E973B /* LaunchScreen.xib in Resources */ = {isa = PBXBuildFile; fileRef = CEEC8D8B1A14D406007E973B /* LaunchScreen.xib */; };
		CEEC8D991A14D406007E973B /* RoundLikerTests.m in Sources */ = {isa = PBXBuildFile; fileRef = CEEC8D981A14D406007E973B /* RoundLikerTests.m */; };
/* End PBXBuildFile section */

/* Begin PBXContainerItemProxy section */
		CEEC8D931A14D406007E973B /* PBXContainerItemProxy */ = {
			isa = PBXContainerItemProxy;
			containerPortal = CEEC8D711A14D405007E973B /* Project object */;
			proxyType = 1;
			remoteGlobalIDString = CEEC8D781A14D406007E973B;
			remoteInfo = RoundLiker;
		};
/* End PBXContainerItemProxy section */

/* Begin PBXFileReference section */
		540062C31DDC6588000ADC21 /* Haneke.h */ = {isa = PBXFileReference; fileEncoding = 4; lastKnownFileType = sourcecode.c.h; name = Haneke.h; path = ThirdParty/Haneke/Haneke.h; sourceTree = "<group>"; };
		540062C41DDC6588000ADC21 /* HNKCache.h */ = {isa = PBXFileReference; fileEncoding = 4; lastKnownFileType = sourcecode.c.h; name = HNKCache.h; path = ThirdParty/Haneke/HNKCache.h; sourceTree = "<group>"; };
		540062C51DDC6588000ADC21 /* HNKCache.m */ = {isa = PBXFileReference; fileEncoding = 4; lastKnownFileType = sourcecode.c.objc; name = HNKCache.m; path = ThirdParty/Haneke/HNKCache.m; sourceTree = "<group>"; };
		540062C61DDC6588000ADC21 /* HNKDiskCache.h */ = {isa = PBXFileReference; fileEncoding = 4; lastKnownFileType = sourcecode.c.h; name = HNKDiskCache.h; path = ThirdParty/Haneke/HNKDiskCache.h; sourceTree = "<group>"; };
		540062C71DDC6588000ADC21 /* HNKDiskCache.m */ = {isa = PBXFileReference; fileEncoding = 4; lastKnownFileType = sourcecode.c.objc; name = HNKDiskCache.m; path = ThirdParty/Haneke/HNKDiskCache.m; sourceTree = "<group>"; };
		540062C81DDC6588000ADC21 /* HNKDiskFetcher.h */ = {isa = PBXFileReference; fileEncoding = 4; lastKnownFileType = sourcecode.c.h; name = HNKDiskFetcher.h; path = ThirdParty/Haneke/HNKDiskFetcher.h; sourceTree = "<group>"; };
		540062C91DDC6588000ADC21 /* HNKDiskFetcher.m */ = {isa = PBXFileReference; fileEncoding = 4; lastKnownFileType = sourcecode.c.objc; name = HNKDiskFetcher.m; path = ThirdParty/Haneke/HNKDiskFetcher.m; sourceTree = "<group>"; };
		540062CA1DDC6588000ADC21 /* HNKNetworkFetcher.h */ = {isa = PBXFileReference; fileEncoding = 4; lastKnownFileType = sourcecode.c.h; name = HNKNetworkFetcher.h; path = ThirdParty/Haneke/HNKNetworkFetcher.h; sourceTree = "<group>"; };
		540062CB1DDC6588000ADC21 /* HNKNetworkFetcher.m */ = {isa = PBXFileReference; fileEncoding = 4; lastKnownFileType = sourcecode.c.objc; name = HNKNetworkFetcher.m; path = ThirdParty/Haneke/HNKNetworkFetcher.m; sourceTree = "<group>"; };
		540062CC1DDC6588000ADC21 /* HNKSimpleFetcher.h */ = {isa = PBXFileReference; fileEncoding = 4; lastKnownFileType = sourcecode.c.h; name = HNKSimpleFetcher.h; path = ThirdParty/Haneke/HNKSimpleFetcher.h; sourceTree = "<group>"; };
		540062CD1DDC6588000ADC21 /* HNKSimpleFetcher.m */ = {isa = PBXFileReference; fileEncoding = 4; lastKnownFileType = sourcecode.c.objc; name = HNKSimpleFetcher.m; path = ThirdParty/Haneke/HNKSimpleFetcher.m; sourceTree = "<group>"; };
		540062CE1DDC6588000ADC21 /* UIButton+Haneke.h */ = {isa = PBXFileReference; fileEncoding = 4; lastKnownFileType = sourcecode.c.h; name = "UIButton+Haneke.h"; path = "ThirdParty/Haneke/UIButton+Haneke.h"; sourceTree = "<group>"; };
		540062CF1DDC6588000ADC21 /* UIButton+Haneke.m */ = {isa = PBXFileReference; fileEncoding = 4; lastKnownFileType = sourcecode.c.objc; name = "UIButton+Haneke.m"; path = "ThirdParty/Haneke/UIButton+Haneke.m"; sourceTree = "<group>"; };
		540062D01DDC6588000ADC21 /* UIImageView+Haneke.h */ = {isa = PBXFileReference; fileEncoding = 4; lastKnownFileType = sourcecode.c.h; name = "UIImageView+Haneke.h"; path = "ThirdParty/Haneke/UIImageView+Haneke.h"; sourceTree = "<group>"; };
		540062D11DDC6588000ADC21 /* UIImageView+Haneke.m */ = {isa = PBXFileReference; fileEncoding = 4; lastKnownFileType = sourcecode.c.objc; name = "UIImageView+Haneke.m"; path = "ThirdParty/Haneke/UIImageView+Haneke.m"; sourceTree = "<group>"; };
		540062D21DDC6588000ADC21 /* UIView+Haneke.h */ = {isa = PBXFileReference; fileEncoding = 4; lastKnownFileType = sourcecode.c.h; name = "UIView+Haneke.h"; path = "ThirdParty/Haneke/UIView+Haneke.h"; sourceTree = "<group>"; };
		540062D31DDC6588000ADC21 /* UIView+Haneke.m */ = {isa = PBXFileReference; fileEncoding = 4; lastKnownFileType = sourcecode.c.objc; name = "UIView+Haneke.m"; path = "ThirdParty/Haneke/UIView+Haneke.m"; sourceTree = "<group>"; };
		543CEABB1DD612FC00F8A8D2 /* Corbel Bold.ttf */ = {isa = PBXFileReference; lastKnownFileType = file; name = "Corbel Bold.ttf"; path = "Source/Font/Corbel Bold.ttf"; sourceTree = "<group>"; };
		543CEABC1DD612FC00F8A8D2 /* Corbel.ttf */ = {isa = PBXFileReference; lastKnownFileType = file; name = Corbel.ttf; path = Source/Font/Corbel.ttf; sourceTree = "<group>"; };
		543CEAC31DD6295400F8A8D2 /* RLUserListTableViewCell.h */ = {isa = PBXFileReference; fileEncoding = 4; lastKnownFileType = sourcecode.c.h; name = RLUserListTableViewCell.h; path = View/RLUserListTableViewCell.h; sourceTree = "<group>"; };
		543CEAC41DD6295400F8A8D2 /* RLUserListTableViewCell.m */ = {isa = PBXFileReference; fileEncoding = 4; lastKnownFileType = sourcecode.c.objc; name = RLUserListTableViewCell.m; path = View/RLUserListTableViewCell.m; sourceTree = "<group>"; };
		543CEAC51DD6295400F8A8D2 /* RLViewerTableViewCell.h */ = {isa = PBXFileReference; fileEncoding = 4; lastKnownFileType = sourcecode.c.h; name = RLViewerTableViewCell.h; path = View/RLViewerTableViewCell.h; sourceTree = "<group>"; };
		543CEAC61DD6295400F8A8D2 /* RLViewerTableViewCell.m */ = {isa = PBXFileReference; fileEncoding = 4; lastKnownFileType = sourcecode.c.objc; name = RLViewerTableViewCell.m; path = View/RLViewerTableViewCell.m; sourceTree = "<group>"; };
		54468EA21DF153130083E49E /* StoreKit.framework */ = {isa = PBXFileReference; lastKnownFileType = wrapper.framework; name = StoreKit.framework; path = System/Library/Frameworks/StoreKit.framework; sourceTree = SDKROOT; };
		5490EAB61DD229EE007D1BFC /* RLHomeViewController.h */ = {isa = PBXFileReference; fileEncoding = 4; lastKnownFileType = sourcecode.c.h; path = RLHomeViewController.h; sourceTree = "<group>"; };
		5490EAB71DD229EE007D1BFC /* RLHomeViewController.m */ = {isa = PBXFileReference; fileEncoding = 4; lastKnownFileType = sourcecode.c.objc; path = RLHomeViewController.m; sourceTree = "<group>"; };
		5490EAB81DD229EE007D1BFC /* RLLoginViewController.h */ = {isa = PBXFileReference; fileEncoding = 4; lastKnownFileType = sourcecode.c.h; path = RLLoginViewController.h; sourceTree = "<group>"; };
		5490EAB91DD229EE007D1BFC /* RLLoginViewController.m */ = {isa = PBXFileReference; fileEncoding = 4; lastKnownFileType = sourcecode.c.objc; path = RLLoginViewController.m; sourceTree = "<group>"; };
		5490EABC1DD229FE007D1BFC /* AppDelegate.h */ = {isa = PBXFileReference; fileEncoding = 4; lastKnownFileType = sourcecode.c.h; path = AppDelegate.h; sourceTree = "<group>"; };
		5490EABD1DD229FE007D1BFC /* AppDelegate.m */ = {isa = PBXFileReference; fileEncoding = 4; lastKnownFileType = sourcecode.c.objc; path = AppDelegate.m; sourceTree = "<group>"; };
		54A12A441DE0B8A2002ADDD5 /* RLSaveItemsViewController.h */ = {isa = PBXFileReference; fileEncoding = 4; lastKnownFileType = sourcecode.c.h; path = RLSaveItemsViewController.h; sourceTree = "<group>"; };
		54A12A451DE0B8A2002ADDD5 /* RLSaveItemsViewController.m */ = {isa = PBXFileReference; fileEncoding = 4; lastKnownFileType = sourcecode.c.objc; path = RLSaveItemsViewController.m; sourceTree = "<group>"; };
		54A12A471DE0B8FC002ADDD5 /* RLSaveIteTableViewCell.h */ = {isa = PBXFileReference; fileEncoding = 4; lastKnownFileType = sourcecode.c.h; name = RLSaveIteTableViewCell.h; path = View/RLSaveIteTableViewCell.h; sourceTree = "<group>"; };
		54A12A481DE0B8FC002ADDD5 /* RLSaveIteTableViewCell.m */ = {isa = PBXFileReference; fileEncoding = 4; lastKnownFileType = sourcecode.c.objc; name = RLSaveIteTableViewCell.m; path = View/RLSaveIteTableViewCell.m; sourceTree = "<group>"; };
		54B1B2BF1DD6B2F80093FA2B /* RLInfoViewController.h */ = {isa = PBXFileReference; fileEncoding = 4; lastKnownFileType = sourcecode.c.h; path = RLInfoViewController.h; sourceTree = "<group>"; };
		54B1B2C01DD6B2F80093FA2B /* RLInfoViewController.m */ = {isa = PBXFileReference; fileEncoding = 4; lastKnownFileType = sourcecode.c.objc; path = RLInfoViewController.m; sourceTree = "<group>"; };
		54B1B2C31DD6C9D50093FA2B /* RLEnumeration.h */ = {isa = PBXFileReference; fileEncoding = 4; lastKnownFileType = sourcecode.c.h; name = RLEnumeration.h; path = Configure/RLEnumeration.h; sourceTree = "<group>"; };
		54B1B2C41DD6D2D10093FA2B /* RLInAppItemsViewController.h */ = {isa = PBXFileReference; fileEncoding = 4; lastKnownFileType = sourcecode.c.h; path = RLInAppItemsViewController.h; sourceTree = "<group>"; };
		54B1B2C51DD6D2D10093FA2B /* RLInAppItemsViewController.m */ = {isa = PBXFileReference; fileEncoding = 4; lastKnownFileType = sourcecode.c.objc; path = RLInAppItemsViewController.m; sourceTree = "<group>"; };
		54B1B2C71DD6D7AE0093FA2B /* RLInAppItemTableViewCell.h */ = {isa = PBXFileReference; fileEncoding = 4; lastKnownFileType = sourcecode.c.h; name = RLInAppItemTableViewCell.h; path = View/RLInAppItemTableViewCell.h; sourceTree = "<group>"; };
		54B1B2C81DD6D7AE0093FA2B /* RLInAppItemTableViewCell.m */ = {isa = PBXFileReference; fileEncoding = 4; lastKnownFileType = sourcecode.c.objc; name = RLInAppItemTableViewCell.m; path = View/RLInAppItemTableViewCell.m; sourceTree = "<group>"; };
		54B5DEFD1DD778B2007207B1 /* RLCreateListUserViewController.m */ = {isa = PBXFileReference; fileEncoding = 4; lastKnownFileType = sourcecode.c.objc; path = RLCreateListUserViewController.m; sourceTree = "<group>"; };
		54B5DEFE1DD778B2007207B1 /* RLCreateListUserViewController.h */ = {isa = PBXFileReference; fileEncoding = 4; lastKnownFileType = sourcecode.c.h; path = RLCreateListUserViewController.h; sourceTree = "<group>"; };
		54B7B2491DDC31D60073A669 /* RLInstagramMedia.h */ = {isa = PBXFileReference; fileEncoding = 4; lastKnownFileType = sourcecode.c.h; name = RLInstagramMedia.h; path = Model/RLInstagramMedia.h; sourceTree = "<group>"; };
		54B7B24A1DDC31D60073A669 /* RLInstagramMedia.m */ = {isa = PBXFileReference; fileEncoding = 4; lastKnownFileType = sourcecode.c.objc; name = RLInstagramMedia.m; path = Model/RLInstagramMedia.m; sourceTree = "<group>"; };
		54C9113C1DDB1D0F003625F2 /* RLUser.h */ = {isa = PBXFileReference; fileEncoding = 4; lastKnownFileType = sourcecode.c.h; name = RLUser.h; path = Model/RLUser.h; sourceTree = "<group>"; };
		54C9113D1DDB1D0F003625F2 /* RLUser.m */ = {isa = PBXFileReference; fileEncoding = 4; lastKnownFileType = sourcecode.c.objc; name = RLUser.m; path = Model/RLUser.m; sourceTree = "<group>"; };
		6C9751EB5A01A59622B59238 /* Pods-RoundLiker.release.xcconfig */ = {isa = PBXFileReference; includeInIndex = 1; lastKnownFileType = text.xcconfig; name = "Pods-RoundLiker.release.xcconfig"; path = "Pods/Target Support Files/Pods-RoundLiker/Pods-RoundLiker.release.xcconfig"; sourceTree = "<group>"; };
		8E32AD46F0AEE026A553D8A8 /* Pods-RoundLiker.debug.xcconfig */ = {isa = PBXFileReference; includeInIndex = 1; lastKnownFileType = text.xcconfig; name = "Pods-RoundLiker.debug.xcconfig"; path = "Pods/Target Support Files/Pods-RoundLiker/Pods-RoundLiker.debug.xcconfig"; sourceTree = "<group>"; };
		8F4BA66D198EEEBEB419628B /* Pods-RoundLikerTests.release.xcconfig */ = {isa = PBXFileReference; includeInIndex = 1; lastKnownFileType = text.xcconfig; name = "Pods-RoundLikerTests.release.xcconfig"; path = "Pods/Target Support Files/Pods-RoundLikerTests/Pods-RoundLikerTests.release.xcconfig"; sourceTree = "<group>"; };
		961DE76B31877E4AA58D706D /* Pods_RoundLiker.framework */ = {isa = PBXFileReference; explicitFileType = wrapper.framework; includeInIndex = 0; path = Pods_RoundLiker.framework; sourceTree = BUILT_PRODUCTS_DIR; };
		A9278B9D6E21E09205AE9985 /* Pods-RoundLikerTests.debug.xcconfig */ = {isa = PBXFileReference; includeInIndex = 1; lastKnownFileType = text.xcconfig; name = "Pods-RoundLikerTests.debug.xcconfig"; path = "Pods/Target Support Files/Pods-RoundLikerTests/Pods-RoundLikerTests.debug.xcconfig"; sourceTree = "<group>"; };
		AD2663BD7E8D0D800A283AD1 /* Pods_RoundLikerTests.framework */ = {isa = PBXFileReference; explicitFileType = wrapper.framework; includeInIndex = 0; path = Pods_RoundLikerTests.framework; sourceTree = BUILT_PRODUCTS_DIR; };
		CEEC8D791A14D406007E973B /* EngagementLiker.app */ = {isa = PBXFileReference; explicitFileType = wrapper.application; includeInIndex = 0; path = EngagementLiker.app; sourceTree = BUILT_PRODUCTS_DIR; };
		CEEC8D7D1A14D406007E973B /* Info.plist */ = {isa = PBXFileReference; lastKnownFileType = text.plist.xml; path = Info.plist; sourceTree = "<group>"; };
		CEEC8D7E1A14D406007E973B /* main.m */ = {isa = PBXFileReference; lastKnownFileType = sourcecode.c.objc; path = main.m; sourceTree = "<group>"; };
		CEEC8D871A14D406007E973B /* Base */ = {isa = PBXFileReference; lastKnownFileType = file.storyboard; name = Base; path = Base.lproj/Main.storyboard; sourceTree = "<group>"; };
		CEEC8D891A14D406007E973B /* Images.xcassets */ = {isa = PBXFileReference; lastKnownFileType = folder.assetcatalog; path = Images.xcassets; sourceTree = "<group>"; };
		CEEC8D8C1A14D406007E973B /* Base */ = {isa = PBXFileReference; lastKnownFileType = file.xib; name = Base; path = Base.lproj/LaunchScreen.xib; sourceTree = "<group>"; };
		CEEC8D921A14D406007E973B /* RoundLikerTests.xctest */ = {isa = PBXFileReference; explicitFileType = wrapper.cfbundle; includeInIndex = 0; path = RoundLikerTests.xctest; sourceTree = BUILT_PRODUCTS_DIR; };
		CEEC8D971A14D406007E973B /* Info.plist */ = {isa = PBXFileReference; lastKnownFileType = text.plist.xml; path = Info.plist; sourceTree = "<group>"; };
		CEEC8D981A14D406007E973B /* RoundLikerTests.m */ = {isa = PBXFileReference; lastKnownFileType = sourcecode.c.objc; path = RoundLikerTests.m; sourceTree = "<group>"; };
/* End PBXFileReference section */

/* Begin PBXFrameworksBuildPhase section */
		CEEC8D761A14D406007E973B /* Frameworks */ = {
			isa = PBXFrameworksBuildPhase;
			buildActionMask = 2147483647;
			files = (
				73817FE364BBE3F97D6B3DDE /* Pods_RoundLiker.framework in Frameworks */,
				54468EA31DF153130083E49E /* StoreKit.framework in Frameworks */,
			);
			runOnlyForDeploymentPostprocessing = 0;
		};
		CEEC8D8F1A14D406007E973B /* Frameworks */ = {
			isa = PBXFrameworksBuildPhase;
			buildActionMask = 2147483647;
			files = (
				55DDF85ED46C187A2FC067A3 /* Pods_RoundLikerTests.framework in Frameworks */,
			);
			runOnlyForDeploymentPostprocessing = 0;
		};
/* End PBXFrameworksBuildPhase section */

/* Begin PBXGroup section */
		429E3E0CC6BBCB604C9FED00 /* Frameworks */ = {
			isa = PBXGroup;
			children = (
				54468EA21DF153130083E49E /* StoreKit.framework */,
				961DE76B31877E4AA58D706D /* Pods_RoundLiker.framework */,
				AD2663BD7E8D0D800A283AD1 /* Pods_RoundLikerTests.framework */,
			);
			name = Frameworks;
			sourceTree = "<group>";
		};
		540062C11DDC6572000ADC21 /* ThridParty */ = {
			isa = PBXGroup;
			children = (
				540062C21DDC657B000ADC21 /* Haneke */,
			);
			name = ThridParty;
			sourceTree = "<group>";
		};
		540062C21DDC657B000ADC21 /* Haneke */ = {
			isa = PBXGroup;
			children = (
				540062C31DDC6588000ADC21 /* Haneke.h */,
				540062C41DDC6588000ADC21 /* HNKCache.h */,
				540062C51DDC6588000ADC21 /* HNKCache.m */,
				540062C61DDC6588000ADC21 /* HNKDiskCache.h */,
				540062C71DDC6588000ADC21 /* HNKDiskCache.m */,
				540062C81DDC6588000ADC21 /* HNKDiskFetcher.h */,
				540062C91DDC6588000ADC21 /* HNKDiskFetcher.m */,
				540062CA1DDC6588000ADC21 /* HNKNetworkFetcher.h */,
				540062CB1DDC6588000ADC21 /* HNKNetworkFetcher.m */,
				540062CC1DDC6588000ADC21 /* HNKSimpleFetcher.h */,
				540062CD1DDC6588000ADC21 /* HNKSimpleFetcher.m */,
				540062CE1DDC6588000ADC21 /* UIButton+Haneke.h */,
				540062CF1DDC6588000ADC21 /* UIButton+Haneke.m */,
				540062D01DDC6588000ADC21 /* UIImageView+Haneke.h */,
				540062D11DDC6588000ADC21 /* UIImageView+Haneke.m */,
				540062D21DDC6588000ADC21 /* UIView+Haneke.h */,
				540062D31DDC6588000ADC21 /* UIView+Haneke.m */,
			);
			name = Haneke;
			sourceTree = "<group>";
		};
		541D2FE31DD220EB001D9306 /* Controller */ = {
			isa = PBXGroup;
			children = (
				54B5DEFE1DD778B2007207B1 /* RLCreateListUserViewController.h */,
				54B5DEFD1DD778B2007207B1 /* RLCreateListUserViewController.m */,
				5490EAB81DD229EE007D1BFC /* RLLoginViewController.h */,
				5490EAB91DD229EE007D1BFC /* RLLoginViewController.m */,
				5490EAB61DD229EE007D1BFC /* RLHomeViewController.h */,
				5490EAB71DD229EE007D1BFC /* RLHomeViewController.m */,
				54B1B2C41DD6D2D10093FA2B /* RLInAppItemsViewController.h */,
				54B1B2C51DD6D2D10093FA2B /* RLInAppItemsViewController.m */,
				54B1B2BF1DD6B2F80093FA2B /* RLInfoViewController.h */,
				54B1B2C01DD6B2F80093FA2B /* RLInfoViewController.m */,
				54A12A441DE0B8A2002ADDD5 /* RLSaveItemsViewController.h */,
				54A12A451DE0B8A2002ADDD5 /* RLSaveItemsViewController.m */,
			);
			name = Controller;
			sourceTree = "<group>";
		};
		543CEAB91DD612D300F8A8D2 /* Source */ = {
			isa = PBXGroup;
			children = (
				543CEABA1DD612F100F8A8D2 /* Font */,
			);
			name = Source;
			sourceTree = "<group>";
		};
		543CEABA1DD612F100F8A8D2 /* Font */ = {
			isa = PBXGroup;
			children = (
				543CEABB1DD612FC00F8A8D2 /* Corbel Bold.ttf */,
				543CEABC1DD612FC00F8A8D2 /* Corbel.ttf */,
			);
			name = Font;
			sourceTree = "<group>";
		};
		543CEABF1DD6285100F8A8D2 /* View */ = {
			isa = PBXGroup;
			children = (
				543CEAC31DD6295400F8A8D2 /* RLUserListTableViewCell.h */,
				543CEAC41DD6295400F8A8D2 /* RLUserListTableViewCell.m */,
				543CEAC51DD6295400F8A8D2 /* RLViewerTableViewCell.h */,
				543CEAC61DD6295400F8A8D2 /* RLViewerTableViewCell.m */,
				54B1B2C71DD6D7AE0093FA2B /* RLInAppItemTableViewCell.h */,
				54B1B2C81DD6D7AE0093FA2B /* RLInAppItemTableViewCell.m */,
				54A12A471DE0B8FC002ADDD5 /* RLSaveIteTableViewCell.h */,
				54A12A481DE0B8FC002ADDD5 /* RLSaveIteTableViewCell.m */,
			);
			name = View;
			sourceTree = "<group>";
		};
		54B1B2C21DD6C97A0093FA2B /* Configure */ = {
			isa = PBXGroup;
			children = (
				54B1B2C31DD6C9D50093FA2B /* RLEnumeration.h */,
			);
			name = Configure;
			sourceTree = "<group>";
		};
		54C9113B1DDB1CF1003625F2 /* Model */ = {
			isa = PBXGroup;
			children = (
				54C9113C1DDB1D0F003625F2 /* RLUser.h */,
				54C9113D1DDB1D0F003625F2 /* RLUser.m */,
				54B7B2491DDC31D60073A669 /* RLInstagramMedia.h */,
				54B7B24A1DDC31D60073A669 /* RLInstagramMedia.m */,
			);
			name = Model;
			sourceTree = "<group>";
		};
		56458ABF6F4A36CFD5D6BCB9 /* Pods */ = {
			isa = PBXGroup;
			children = (
				8E32AD46F0AEE026A553D8A8 /* Pods-RoundLiker.debug.xcconfig */,
				6C9751EB5A01A59622B59238 /* Pods-RoundLiker.release.xcconfig */,
				A9278B9D6E21E09205AE9985 /* Pods-RoundLikerTests.debug.xcconfig */,
				8F4BA66D198EEEBEB419628B /* Pods-RoundLikerTests.release.xcconfig */,
			);
			name = Pods;
			sourceTree = "<group>";
		};
		CEEC8D701A14D405007E973B = {
			isa = PBXGroup;
			children = (
				CEEC8D7B1A14D406007E973B /* RoundLiker */,
				CEEC8D951A14D406007E973B /* RoundLikerTests */,
				CEEC8D7A1A14D406007E973B /* Products */,
				56458ABF6F4A36CFD5D6BCB9 /* Pods */,
				429E3E0CC6BBCB604C9FED00 /* Frameworks */,
			);
			sourceTree = "<group>";
		};
		CEEC8D7A1A14D406007E973B /* Products */ = {
			isa = PBXGroup;
			children = (
				CEEC8D791A14D406007E973B /* EngagementLiker.app */,
				CEEC8D921A14D406007E973B /* RoundLikerTests.xctest */,
			);
			name = Products;
			sourceTree = "<group>";
		};
		CEEC8D7B1A14D406007E973B /* RoundLiker */ = {
			isa = PBXGroup;
			children = (
				540062C11DDC6572000ADC21 /* ThridParty */,
				54C9113B1DDB1CF1003625F2 /* Model */,
				54B1B2C21DD6C97A0093FA2B /* Configure */,
				543CEABF1DD6285100F8A8D2 /* View */,
				543CEAB91DD612D300F8A8D2 /* Source */,
				5490EABC1DD229FE007D1BFC /* AppDelegate.h */,
				5490EABD1DD229FE007D1BFC /* AppDelegate.m */,
				541D2FE31DD220EB001D9306 /* Controller */,
				CEEC8D861A14D406007E973B /* Main.storyboard */,
				CEEC8D891A14D406007E973B /* Images.xcassets */,
				CEEC8D8B1A14D406007E973B /* LaunchScreen.xib */,
				CEEC8D7C1A14D406007E973B /* Supporting Files */,
			);
			path = RoundLiker;
			sourceTree = "<group>";
		};
		CEEC8D7C1A14D406007E973B /* Supporting Files */ = {
			isa = PBXGroup;
			children = (
				CEEC8D7D1A14D406007E973B /* Info.plist */,
				CEEC8D7E1A14D406007E973B /* main.m */,
			);
			name = "Supporting Files";
			sourceTree = "<group>";
		};
		CEEC8D951A14D406007E973B /* RoundLikerTests */ = {
			isa = PBXGroup;
			children = (
				CEEC8D981A14D406007E973B /* RoundLikerTests.m */,
				CEEC8D961A14D406007E973B /* Supporting Files */,
			);
			path = RoundLikerTests;
			sourceTree = "<group>";
		};
		CEEC8D961A14D406007E973B /* Supporting Files */ = {
			isa = PBXGroup;
			children = (
				CEEC8D971A14D406007E973B /* Info.plist */,
			);
			name = "Supporting Files";
			sourceTree = "<group>";
		};
/* End PBXGroup section */

/* Begin PBXNativeTarget section */
		CEEC8D781A14D406007E973B /* RoundLiker */ = {
			isa = PBXNativeTarget;
			buildConfigurationList = CEEC8D9C1A14D406007E973B /* Build configuration list for PBXNativeTarget "RoundLiker" */;
			buildPhases = (
				7152298EE8C0F78F45E0744F /* [CP] Check Pods Manifest.lock */,
				CEEC8D751A14D406007E973B /* Sources */,
				CEEC8D761A14D406007E973B /* Frameworks */,
				CEEC8D771A14D406007E973B /* Resources */,
				50A280E8DB2368D2A5FA010B /* [CP] Embed Pods Frameworks */,
				3495ABB3F36A6F04FFFE5FBE /* [CP] Copy Pods Resources */,
			);
			buildRules = (
			);
			dependencies = (
			);
			name = RoundLiker;
			productName = RoundLiker;
			productReference = CEEC8D791A14D406007E973B /* EngagementLiker.app */;
			productType = "com.apple.product-type.application";
		};
		CEEC8D911A14D406007E973B /* RoundLikerTests */ = {
			isa = PBXNativeTarget;
			buildConfigurationList = CEEC8D9F1A14D406007E973B /* Build configuration list for PBXNativeTarget "RoundLikerTests" */;
			buildPhases = (
				7B42A08CCF5382F4720D3122 /* [CP] Check Pods Manifest.lock */,
				CEEC8D8E1A14D406007E973B /* Sources */,
				CEEC8D8F1A14D406007E973B /* Frameworks */,
				CEEC8D901A14D406007E973B /* Resources */,
				9E12D817720070AA8DA49107 /* [CP] Embed Pods Frameworks */,
				952F56D61B21FBDE8DE2994B /* [CP] Copy Pods Resources */,
			);
			buildRules = (
			);
			dependencies = (
				CEEC8D941A14D406007E973B /* PBXTargetDependency */,
			);
			name = RoundLikerTests;
			productName = RoundLikerTests;
			productReference = CEEC8D921A14D406007E973B /* RoundLikerTests.xctest */;
			productType = "com.apple.product-type.bundle.unit-test";
		};
/* End PBXNativeTarget section */

/* Begin PBXProject section */
		CEEC8D711A14D405007E973B /* Project object */ = {
			isa = PBXProject;
			attributes = {
				LastUpgradeCheck = 0810;
				ORGANIZATIONNAME = Neuron;
				TargetAttributes = {
					CEEC8D781A14D406007E973B = {
						CreatedOnToolsVersion = 6.1;
						DevelopmentTeam = DGB22U9UZU;
						ProvisioningStyle = Automatic;
					};
					CEEC8D911A14D406007E973B = {
						CreatedOnToolsVersion = 6.1;
						TestTargetID = CEEC8D781A14D406007E973B;
					};
				};
			};
			buildConfigurationList = CEEC8D741A14D406007E973B /* Build configuration list for PBXProject "RoundLiker" */;
			compatibilityVersion = "Xcode 3.2";
			developmentRegion = English;
			hasScannedForEncodings = 0;
			knownRegions = (
				en,
				Base,
			);
			mainGroup = CEEC8D701A14D405007E973B;
			productRefGroup = CEEC8D7A1A14D406007E973B /* Products */;
			projectDirPath = "";
			projectRoot = "";
			targets = (
				CEEC8D781A14D406007E973B /* RoundLiker */,
				CEEC8D911A14D406007E973B /* RoundLikerTests */,
			);
		};
/* End PBXProject section */

/* Begin PBXResourcesBuildPhase section */
		CEEC8D771A14D406007E973B /* Resources */ = {
			isa = PBXResourcesBuildPhase;
			buildActionMask = 2147483647;
			files = (
				CEEC8D881A14D406007E973B /* Main.storyboard in Resources */,
				CEEC8D8D1A14D406007E973B /* LaunchScreen.xib in Resources */,
				CEEC8D8A1A14D406007E973B /* Images.xcassets in Resources */,
				543CEABE1DD612FC00F8A8D2 /* Corbel.ttf in Resources */,
				543CEABD1DD612FC00F8A8D2 /* Corbel Bold.ttf in Resources */,
			);
			runOnlyForDeploymentPostprocessing = 0;
		};
		CEEC8D901A14D406007E973B /* Resources */ = {
			isa = PBXResourcesBuildPhase;
			buildActionMask = 2147483647;
			files = (
			);
			runOnlyForDeploymentPostprocessing = 0;
		};
/* End PBXResourcesBuildPhase section */

/* Begin PBXShellScriptBuildPhase section */
		3495ABB3F36A6F04FFFE5FBE /* [CP] Copy Pods Resources */ = {
			isa = PBXShellScriptBuildPhase;
			buildActionMask = 2147483647;
			files = (
			);
			inputPaths = (
			);
			name = "[CP] Copy Pods Resources";
			outputPaths = (
			);
			runOnlyForDeploymentPostprocessing = 0;
			shellPath = /bin/sh;
			shellScript = "\"${SRCROOT}/Pods/Target Support Files/Pods-RoundLiker/Pods-RoundLiker-resources.sh\"\n";
			showEnvVarsInLog = 0;
		};
		50A280E8DB2368D2A5FA010B /* [CP] Embed Pods Frameworks */ = {
			isa = PBXShellScriptBuildPhase;
			buildActionMask = 2147483647;
			files = (
			);
			inputPaths = (
			);
			name = "[CP] Embed Pods Frameworks";
			outputPaths = (
			);
			runOnlyForDeploymentPostprocessing = 0;
			shellPath = /bin/sh;
			shellScript = "\"${SRCROOT}/Pods/Target Support Files/Pods-RoundLiker/Pods-RoundLiker-frameworks.sh\"\n";
			showEnvVarsInLog = 0;
		};
		7152298EE8C0F78F45E0744F /* [CP] Check Pods Manifest.lock */ = {
			isa = PBXShellScriptBuildPhase;
			buildActionMask = 2147483647;
			files = (
			);
			inputPaths = (
			);
			name = "[CP] Check Pods Manifest.lock";
			outputPaths = (
			);
			runOnlyForDeploymentPostprocessing = 0;
			shellPath = /bin/sh;
			shellScript = "diff \"${PODS_ROOT}/../Podfile.lock\" \"${PODS_ROOT}/Manifest.lock\" > /dev/null\nif [ $? != 0 ] ; then\n    # print error to STDERR\n    echo \"error: The sandbox is not in sync with the Podfile.lock. Run 'pod install' or update your CocoaPods installation.\" >&2\n    exit 1\nfi\n";
			showEnvVarsInLog = 0;
		};
		7B42A08CCF5382F4720D3122 /* [CP] Check Pods Manifest.lock */ = {
			isa = PBXShellScriptBuildPhase;
			buildActionMask = 2147483647;
			files = (
			);
			inputPaths = (
			);
			name = "[CP] Check Pods Manifest.lock";
			outputPaths = (
			);
			runOnlyForDeploymentPostprocessing = 0;
			shellPath = /bin/sh;
			shellScript = "diff \"${PODS_ROOT}/../Podfile.lock\" \"${PODS_ROOT}/Manifest.lock\" > /dev/null\nif [ $? != 0 ] ; then\n    # print error to STDERR\n    echo \"error: The sandbox is not in sync with the Podfile.lock. Run 'pod install' or update your CocoaPods installation.\" >&2\n    exit 1\nfi\n";
			showEnvVarsInLog = 0;
		};
		952F56D61B21FBDE8DE2994B /* [CP] Copy Pods Resources */ = {
			isa = PBXShellScriptBuildPhase;
			buildActionMask = 2147483647;
			files = (
			);
			inputPaths = (
			);
			name = "[CP] Copy Pods Resources";
			outputPaths = (
			);
			runOnlyForDeploymentPostprocessing = 0;
			shellPath = /bin/sh;
			shellScript = "\"${SRCROOT}/Pods/Target Support Files/Pods-RoundLikerTests/Pods-RoundLikerTests-resources.sh\"\n";
			showEnvVarsInLog = 0;
		};
		9E12D817720070AA8DA49107 /* [CP] Embed Pods Frameworks */ = {
			isa = PBXShellScriptBuildPhase;
			buildActionMask = 2147483647;
			files = (
			);
			inputPaths = (
			);
			name = "[CP] Embed Pods Frameworks";
			outputPaths = (
			);
			runOnlyForDeploymentPostprocessing = 0;
			shellPath = /bin/sh;
			shellScript = "\"${SRCROOT}/Pods/Target Support Files/Pods-RoundLikerTests/Pods-RoundLikerTests-frameworks.sh\"\n";
			showEnvVarsInLog = 0;
		};
/* End PBXShellScriptBuildPhase section */

/* Begin PBXSourcesBuildPhase section */
		CEEC8D751A14D406007E973B /* Sources */ = {
			isa = PBXSourcesBuildPhase;
			buildActionMask = 2147483647;
			files = (
				540062D81DDC6588000ADC21 /* HNKSimpleFetcher.m in Sources */,
				54B1B2C91DD6D7AE0093FA2B /* RLInAppItemTableViewCell.m in Sources */,
				5490EABE1DD229FE007D1BFC /* AppDelegate.m in Sources */,
				543CEAC71DD6295400F8A8D2 /* RLUserListTableViewCell.m in Sources */,
				54B1B2C11DD6B2F80093FA2B /* RLInfoViewController.m in Sources */,
				CEEC8D7F1A14D406007E973B /* main.m in Sources */,
				54B7B24B1DDC31D60073A669 /* RLInstagramMedia.m in Sources */,
				540062D91DDC6588000ADC21 /* UIButton+Haneke.m in Sources */,
				543CEAC81DD6295400F8A8D2 /* RLViewerTableViewCell.m in Sources */,
				54A12A491DE0B8FC002ADDD5 /* RLSaveIteTableViewCell.m in Sources */,
				540062D61DDC6588000ADC21 /* HNKDiskFetcher.m in Sources */,
				540062D41DDC6588000ADC21 /* HNKCache.m in Sources */,
				5490EABA1DD229EE007D1BFC /* RLHomeViewController.m in Sources */,
				540062D71DDC6588000ADC21 /* HNKNetworkFetcher.m in Sources */,
				540062D51DDC6588000ADC21 /* HNKDiskCache.m in Sources */,
				540062DA1DDC6588000ADC21 /* UIImageView+Haneke.m in Sources */,
				54B1B2C61DD6D2D10093FA2B /* RLInAppItemsViewController.m in Sources */,
				54B5DEFF1DD778B2007207B1 /* RLCreateListUserViewController.m in Sources */,
				54C9113E1DDB1D0F003625F2 /* RLUser.m in Sources */,
				540062DB1DDC6588000ADC21 /* UIView+Haneke.m in Sources */,
				5490EABB1DD229EE007D1BFC /* RLLoginViewController.m in Sources */,
				54A12A461DE0B8A2002ADDD5 /* RLSaveItemsViewController.m in Sources */,
			);
			runOnlyForDeploymentPostprocessing = 0;
		};
		CEEC8D8E1A14D406007E973B /* Sources */ = {
			isa = PBXSourcesBuildPhase;
			buildActionMask = 2147483647;
			files = (
				CEEC8D991A14D406007E973B /* RoundLikerTests.m in Sources */,
			);
			runOnlyForDeploymentPostprocessing = 0;
		};
/* End PBXSourcesBuildPhase section */

/* Begin PBXTargetDependency section */
		CEEC8D941A14D406007E973B /* PBXTargetDependency */ = {
			isa = PBXTargetDependency;
			target = CEEC8D781A14D406007E973B /* RoundLiker */;
			targetProxy = CEEC8D931A14D406007E973B /* PBXContainerItemProxy */;
		};
/* End PBXTargetDependency section */

/* Begin PBXVariantGroup section */
		CEEC8D861A14D406007E973B /* Main.storyboard */ = {
			isa = PBXVariantGroup;
			children = (
				CEEC8D871A14D406007E973B /* Base */,
			);
			name = Main.storyboard;
			sourceTree = "<group>";
		};
		CEEC8D8B1A14D406007E973B /* LaunchScreen.xib */ = {
			isa = PBXVariantGroup;
			children = (
				CEEC8D8C1A14D406007E973B /* Base */,
			);
			name = LaunchScreen.xib;
			sourceTree = "<group>";
		};
/* End PBXVariantGroup section */

/* Begin XCBuildConfiguration section */
		CEEC8D9A1A14D406007E973B /* Debug */ = {
			isa = XCBuildConfiguration;
			buildSettings = {
				ALWAYS_SEARCH_USER_PATHS = NO;
				CLANG_CXX_LANGUAGE_STANDARD = "gnu++0x";
				CLANG_CXX_LIBRARY = "libc++";
				CLANG_ENABLE_MODULES = YES;
				CLANG_ENABLE_OBJC_ARC = YES;
				CLANG_WARN_BOOL_CONVERSION = YES;
				CLANG_WARN_CONSTANT_CONVERSION = YES;
				CLANG_WARN_DIRECT_OBJC_ISA_USAGE = YES_ERROR;
				CLANG_WARN_EMPTY_BODY = YES;
				CLANG_WARN_ENUM_CONVERSION = YES;
				CLANG_WARN_INFINITE_RECURSION = YES;
				CLANG_WARN_INT_CONVERSION = YES;
				CLANG_WARN_OBJC_ROOT_CLASS = YES_ERROR;
				CLANG_WARN_SUSPICIOUS_MOVE = YES;
				CLANG_WARN_UNREACHABLE_CODE = YES;
				CLANG_WARN__DUPLICATE_METHOD_MATCH = YES;
				CODE_SIGN_IDENTITY = "iPhone Developer: phuong.nguyenhn84@gmail.com (SLERNY3698)";
				"CODE_SIGN_IDENTITY[sdk=iphoneos*]" = "iPhone Developer: phuong.nguyenhn84@gmail.com (SLERNY3698)";
				COPY_PHASE_STRIP = NO;
				ENABLE_STRICT_OBJC_MSGSEND = YES;
				ENABLE_TESTABILITY = YES;
				GCC_C_LANGUAGE_STANDARD = gnu99;
				GCC_DYNAMIC_NO_PIC = NO;
				GCC_NO_COMMON_BLOCKS = YES;
				GCC_OPTIMIZATION_LEVEL = 0;
				GCC_PREPROCESSOR_DEFINITIONS = (
					"DEBUG=1",
					"$(inherited)",
				);
				GCC_SYMBOLS_PRIVATE_EXTERN = NO;
				GCC_WARN_64_TO_32_BIT_CONVERSION = YES;
				GCC_WARN_ABOUT_RETURN_TYPE = YES_ERROR;
				GCC_WARN_UNDECLARED_SELECTOR = YES;
				GCC_WARN_UNINITIALIZED_AUTOS = YES_AGGRESSIVE;
				GCC_WARN_UNUSED_FUNCTION = YES;
				GCC_WARN_UNUSED_VARIABLE = YES;
				IPHONEOS_DEPLOYMENT_TARGET = 8.1;
				MTL_ENABLE_DEBUG_INFO = YES;
				ONLY_ACTIVE_ARCH = YES;
				SDKROOT = iphoneos;
			};
			name = Debug;
		};
		CEEC8D9B1A14D406007E973B /* Release */ = {
			isa = XCBuildConfiguration;
			buildSettings = {
				ALWAYS_SEARCH_USER_PATHS = NO;
				CLANG_CXX_LANGUAGE_STANDARD = "gnu++0x";
				CLANG_CXX_LIBRARY = "libc++";
				CLANG_ENABLE_MODULES = YES;
				CLANG_ENABLE_OBJC_ARC = YES;
				CLANG_WARN_BOOL_CONVERSION = YES;
				CLANG_WARN_CONSTANT_CONVERSION = YES;
				CLANG_WARN_DIRECT_OBJC_ISA_USAGE = YES_ERROR;
				CLANG_WARN_EMPTY_BODY = YES;
				CLANG_WARN_ENUM_CONVERSION = YES;
				CLANG_WARN_INFINITE_RECURSION = YES;
				CLANG_WARN_INT_CONVERSION = YES;
				CLANG_WARN_OBJC_ROOT_CLASS = YES_ERROR;
				CLANG_WARN_SUSPICIOUS_MOVE = YES;
				CLANG_WARN_UNREACHABLE_CODE = YES;
				CLANG_WARN__DUPLICATE_METHOD_MATCH = YES;
				CODE_SIGN_IDENTITY = "iPhone Developer: phuong.nguyenhn84@gmail.com (SLERNY3698)";
				"CODE_SIGN_IDENTITY[sdk=iphoneos*]" = "iPhone Developer";
				COPY_PHASE_STRIP = YES;
				ENABLE_NS_ASSERTIONS = NO;
				ENABLE_STRICT_OBJC_MSGSEND = YES;
				GCC_C_LANGUAGE_STANDARD = gnu99;
				GCC_NO_COMMON_BLOCKS = YES;
				GCC_WARN_64_TO_32_BIT_CONVERSION = YES;
				GCC_WARN_ABOUT_RETURN_TYPE = YES_ERROR;
				GCC_WARN_UNDECLARED_SELECTOR = YES;
				GCC_WARN_UNINITIALIZED_AUTOS = YES_AGGRESSIVE;
				GCC_WARN_UNUSED_FUNCTION = YES;
				GCC_WARN_UNUSED_VARIABLE = YES;
				IPHONEOS_DEPLOYMENT_TARGET = 8.1;
				MTL_ENABLE_DEBUG_INFO = NO;
				SDKROOT = iphoneos;
				VALIDATE_PRODUCT = YES;
			};
			name = Release;
		};
		CEEC8D9D1A14D406007E973B /* Debug */ = {
			isa = XCBuildConfiguration;
			baseConfigurationReference = 8E32AD46F0AEE026A553D8A8 /* Pods-RoundLiker.debug.xcconfig */;
			buildSettings = {
				ASSETCATALOG_COMPILER_APPICON_NAME = AppIcon;
				CODE_SIGN_IDENTITY = "iPhone Developer: Tyler McNee (T8U6653HPK)";
				"CODE_SIGN_IDENTITY[sdk=iphoneos*]" = "iPhone Developer";
				DEVELOPMENT_TEAM = DGB22U9UZU;
				INFOPLIST_FILE = RoundLiker/Info.plist;
				LD_RUNPATH_SEARCH_PATHS = "$(inherited) @executable_path/Frameworks";
				PRODUCT_BUNDLE_IDENTIFIER = com.palmsoft.EngagementLiker;
				PRODUCT_NAME = EngagementLiker;
				PROVISIONING_PROFILE = "";
				PROVISIONING_PROFILE_SPECIFIER = "";
				TARGETED_DEVICE_FAMILY = 1;
			};
			name = Debug;
		};
		CEEC8D9E1A14D406007E973B /* Release */ = {
			isa = XCBuildConfiguration;
			baseConfigurationReference = 6C9751EB5A01A59622B59238 /* Pods-RoundLiker.release.xcconfig */;
			buildSettings = {
				ASSETCATALOG_COMPILER_APPICON_NAME = AppIcon;
				CODE_SIGN_IDENTITY = "iPhone Developer: Tyler McNee (T8U6653HPK)";
				"CODE_SIGN_IDENTITY[sdk=iphoneos*]" = "iPhone Developer";
				DEVELOPMENT_TEAM = DGB22U9UZU;
				INFOPLIST_FILE = RoundLiker/Info.plist;
				LD_RUNPATH_SEARCH_PATHS = "$(inherited) @executable_path/Frameworks";
				PRODUCT_BUNDLE_IDENTIFIER = com.palmsoft.EngagementLiker;
				PRODUCT_NAME = EngagementLiker;
				PROVISIONING_PROFILE = "";
				PROVISIONING_PROFILE_SPECIFIER = "";
				TARGETED_DEVICE_FAMILY = 1;
			};
			name = Release;
		};
		CEEC8DA01A14D406007E973B /* Debug */ = {
			isa = XCBuildConfiguration;
			baseConfigurationReference = A9278B9D6E21E09205AE9985 /* Pods-RoundLikerTests.debug.xcconfig */;
			buildSettings = {
				BUNDLE_LOADER = "$(TEST_HOST)";
				FRAMEWORK_SEARCH_PATHS = (
					"$(SDKROOT)/Developer/Library/Frameworks",
					"$(inherited)",
				);
				GCC_PREPROCESSOR_DEFINITIONS = (
					"DEBUG=1",
					"$(inherited)",
				);
				INFOPLIST_FILE = RoundLikerTests/Info.plist;
				LD_RUNPATH_SEARCH_PATHS = "$(inherited) @executable_path/Frameworks @loader_path/Frameworks";
				PRODUCT_BUNDLE_IDENTIFIER = "com.neuron.$(PRODUCT_NAME:rfc1034identifier)";
				PRODUCT_NAME = "$(TARGET_NAME)";
				TEST_HOST = "$(BUILT_PRODUCTS_DIR)/RoundLiker.app/RoundLiker";
			};
			name = Debug;
		};
		CEEC8DA11A14D406007E973B /* Release */ = {
			isa = XCBuildConfiguration;
			baseConfigurationReference = 8F4BA66D198EEEBEB419628B /* Pods-RoundLikerTests.release.xcconfig */;
			buildSettings = {
				BUNDLE_LOADER = "$(TEST_HOST)";
				FRAMEWORK_SEARCH_PATHS = (
					"$(SDKROOT)/Developer/Library/Frameworks",
					"$(inherited)",
				);
				INFOPLIST_FILE = RoundLikerTests/Info.plist;
				LD_RUNPATH_SEARCH_PATHS = "$(inherited) @executable_path/Frameworks @loader_path/Frameworks";
				PRODUCT_BUNDLE_IDENTIFIER = "com.neuron.$(PRODUCT_NAME:rfc1034identifier)";
				PRODUCT_NAME = "$(TARGET_NAME)";
				TEST_HOST = "$(BUILT_PRODUCTS_DIR)/RoundLiker.app/RoundLiker";
			};
			name = Release;
		};
/* End XCBuildConfiguration section */

/* Begin XCConfigurationList section */
		CEEC8D741A14D406007E973B /* Build configuration list for PBXProject "RoundLiker" */ = {
			isa = XCConfigurationList;
			buildConfigurations = (
				CEEC8D9A1A14D406007E973B /* Debug */,
				CEEC8D9B1A14D406007E973B /* Release */,
			);
			defaultConfigurationIsVisible = 0;
			defaultConfigurationName = Release;
		};
		CEEC8D9C1A14D406007E973B /* Build configuration list for PBXNativeTarget "RoundLiker" */ = {
			isa = XCConfigurationList;
			buildConfigurations = (
				CEEC8D9D1A14D406007E973B /* Debug */,
				CEEC8D9E1A14D406007E973B /* Release */,
			);
			defaultConfigurationIsVisible = 0;
			defaultConfigurationName = Release;
		};
		CEEC8D9F1A14D406007E973B /* Build configuration list for PBXNativeTarget "RoundLikerTests" */ = {
			isa = XCConfigurationList;
			buildConfigurations = (
				CEEC8DA01A14D406007E973B /* Debug */,
				CEEC8DA11A14D406007E973B /* Release */,
			);
			defaultConfigurationIsVisible = 0;
			defaultConfigurationName = Release;
		};
/* End XCConfigurationList section */
	};
	rootObject = CEEC8D711A14D405007E973B /* Project object */;
}
